
Microsoft Visual Studio Solution File, Format Version 12.00
# Visual Studio Version 17
VisualStudioVersion = 17.7.34024.191
MinimumVisualStudioVersion = 10.0.40219.1
Project("{FAE04EC0-301F-11D3-BF4B-00C04F79EFBC}") = "lab17_nazarov", "lab17_nazarov\lab17_nazarov.csproj", "{BBE01D9A-9478-4FBB-98B6-D992767FA11C}"
EndProject
Global
	GlobalSection(SolutionConfigurationPlatforms) = preSolution
		Debug|Any CPU = Debug|Any CPU
		Release|Any CPU = Release|Any CPU
	EndGlobalSection
	GlobalSection(ProjectConfigurationPlatforms) = postSolution
		{BBE01D9A-9478-4FBB-98B6-D992767FA11C}.Debug|Any CPU.ActiveCfg = Debug|Any CPU
		{BBE01D9A-9478-4FBB-98B6-D992767FA11C}.Debug|Any CPU.Build.0 = Debug|Any CPU
		{BBE01D9A-9478-4FBB-98B6-D992767FA11C}.Release|Any CPU.ActiveCfg = Release|Any CPU
		{BBE01D9A-9478-4FBB-98B6-D992767FA11C}.Release|Any CPU.Build.0 = Release|Any CPU
	EndGlobalSection
	GlobalSection(SolutionProperties) = preSolution
		HideSolutionNode = FALSE
	EndGlobalSection
	GlobalSection(ExtensibilityGlobals) = postSolution
		SolutionGuid = {E8D0B918-6298-4F97-B30E-4E1A2D700261}
	EndGlobalSection
EndGlobal
